
Microsoft Visual Studio Solution File, Format Version 12.00
# Visual Studio Version 16
VisualStudioVersion = 16.0.31025.194
MinimumVisualStudioVersion = 10.0.40219.1
Project("{FAE04EC0-301F-11D3-BF4B-00C04F79EFBC}") = "ControlTowerWPF", "ControlTowerWPF\ControlTowerWPF.csproj", "{DDBDF623-6BB6-4A5F-BDAD-12B59E8DC91D}"
EndProject
Project("{FAE04EC0-301F-11D3-BF4B-00C04F79EFBC}") = "AppFeatures", "AppFeatures\AppFeatures.csproj", "{D2406E68-D5EF-43F8-9E0E-6B1413D4049D}"
EndProject
Project("{FAE04EC0-301F-11D3-BF4B-00C04F79EFBC}") = "DataAccess", "DataAccess\DataAccess.csproj", "{FA80383F-ADD7-4310-8BB7-79873A292AAA}"
EndProject
Project("{FAE04EC0-301F-11D3-BF4B-00C04F79EFBC}") = "AppFeature.Tests", "AppFeature.Tests\AppFeature.Tests.csproj", "{9F5B917E-D024-4224-B7BF-C6D62F3E2242}"
EndProject
Global
	GlobalSection(SolutionConfigurationPlatforms) = preSolution
		Debug|Any CPU = Debug|Any CPU
		Release|Any CPU = Release|Any CPU
	EndGlobalSection
	GlobalSection(ProjectConfigurationPlatforms) = postSolution
		{DDBDF623-6BB6-4A5F-BDAD-12B59E8DC91D}.Debug|Any CPU.ActiveCfg = Debug|Any CPU
		{DDBDF623-6BB6-4A5F-BDAD-12B59E8DC91D}.Debug|Any CPU.Build.0 = Debug|Any CPU
		{DDBDF623-6BB6-4A5F-BDAD-12B59E8DC91D}.Release|Any CPU.ActiveCfg = Release|Any CPU
		{DDBDF623-6BB6-4A5F-BDAD-12B59E8DC91D}.Release|Any CPU.Build.0 = Release|Any CPU
		{D2406E68-D5EF-43F8-9E0E-6B1413D4049D}.Debug|Any CPU.ActiveCfg = Debug|Any CPU
		{D2406E68-D5EF-43F8-9E0E-6B1413D4049D}.Debug|Any CPU.Build.0 = Debug|Any CPU
		{D2406E68-D5EF-43F8-9E0E-6B1413D4049D}.Release|Any CPU.ActiveCfg = Release|Any CPU
		{D2406E68-D5EF-43F8-9E0E-6B1413D4049D}.Release|Any CPU.Build.0 = Release|Any CPU
		{FA80383F-ADD7-4310-8BB7-79873A292AAA}.Debug|Any CPU.ActiveCfg = Debug|Any CPU
		{FA80383F-ADD7-4310-8BB7-79873A292AAA}.Debug|Any CPU.Build.0 = Debug|Any CPU
		{FA80383F-ADD7-4310-8BB7-79873A292AAA}.Release|Any CPU.ActiveCfg = Release|Any CPU
		{FA80383F-ADD7-4310-8BB7-79873A292AAA}.Release|Any CPU.Build.0 = Release|Any CPU
		{9F5B917E-D024-4224-B7BF-C6D62F3E2242}.Debug|Any CPU.ActiveCfg = Debug|Any CPU
		{9F5B917E-D024-4224-B7BF-C6D62F3E2242}.Debug|Any CPU.Build.0 = Debug|Any CPU
		{9F5B917E-D024-4224-B7BF-C6D62F3E2242}.Release|Any CPU.ActiveCfg = Release|Any CPU
		{9F5B917E-D024-4224-B7BF-C6D62F3E2242}.Release|Any CPU.Build.0 = Release|Any CPU
	EndGlobalSection
	GlobalSection(SolutionProperties) = preSolution
		HideSolutionNode = FALSE
	EndGlobalSection
	GlobalSection(ExtensibilityGlobals) = postSolution
		SolutionGuid = {BA60DE35-D4A8-4C77-AD2C-AB555D8BE509}
	EndGlobalSection
EndGlobal
